
Microsoft Visual Studio Solution File, Format Version 12.00
# Visual Studio Version 17
VisualStudioVersion = 17.0.31903.59
MinimumVisualStudioVersion = 10.0.40219.1
Project("{2150E333-8FDC-42A3-9474-1A3956D46DE8}") = "src", "src", "{827E0CD3-B72D-47B6-A68D-7590B98EB39B}"
EndProject
Project("{FAE04EC0-301F-11D3-BF4B-00C04F79EFBC}") = "Olympus.Domain", "src\Olympus.Domain\Olympus.Domain.csproj", "{B2A7E913-2A00-460F-9B8D-6ADC14B7E047}"
EndProject
Project("{FAE04EC0-301F-11D3-BF4B-00C04F79EFBC}") = "Olympus.Application", "src\Olympus.Application\Olympus.Application.csproj", "{CE7F4DB3-2074-4F57-A6F5-2CBAD0AF15F4}"
EndProject
Project("{2150E333-8FDC-42A3-9474-1A3956D46DE8}") = "Olympus.Infrastructure", "Olympus.Infrastructure", "{D0CF8C8D-BDA3-0016-009E-2AEA5C46499A}"
EndProject
Project("{FAE04EC0-301F-11D3-BF4B-00C04F79EFBC}") = "Olympus.Infrastructure.Persistence.Marten", "src\Olympus.Infrastructure\Olympus.Infrastructure.Persistence.Marten\Olympus.Infrastructure.Persistence.Marten.csproj", "{00E58243-1D63-46AB-83DF-EB78931521C9}"
EndProject
Project("{FAE04EC0-301F-11D3-BF4B-00C04F79EFBC}") = "Olympus.Infrastructure.Caching.Redis", "src\Olympus.Infrastructure\Olympus.Infrastructure.Caching.Redis\Olympus.Infrastructure.Caching.Redis.csproj", "{5D5E5860-AB46-4CD8-AF15-6206CFB5BBEC}"
EndProject
Project("{FAE04EC0-301F-11D3-BF4B-00C04F79EFBC}") = "Olympus.Infrastructure.ECS", "src\Olympus.Infrastructure\Olympus.Infrastructure.ECS\Olympus.Infrastructure.ECS.csproj", "{BD39BE86-7513-42FE-96EB-745BE3C439FD}"
EndProject
Project("{FAE04EC0-301F-11D3-BF4B-00C04F79EFBC}") = "Olympus.Infrastructure.Ai", "src\Olympus.Infrastructure\Olympus.Infrastructure.Ai\Olympus.Infrastructure.Ai.csproj", "{4833F0AE-C3B5-429D-B161-7EE34EB9EED8}"
EndProject
Project("{FAE04EC0-301F-11D3-BF4B-00C04F79EFBC}") = "Olympus.Infrastructure.Messaging.MediatR", "src\Olympus.Infrastructure\Olympus.Infrastructure.Messaging.MediatR\Olympus.Infrastructure.Messaging.MediatR.csproj", "{8A9F2591-B5B4-4DD7-955F-5D61D18A0F52}"
EndProject
Project("{FAE04EC0-301F-11D3-BF4B-00C04F79EFBC}") = "Olympus.Infrastructure.Messaging.RabbitMQ", "src\Olympus.Infrastructure\Olympus.Infrastructure.Messaging.RabbitMQ\Olympus.Infrastructure.Messaging.RabbitMQ.csproj", "{F69DF8B5-83F2-4D80-A1E2-5A280CAB01E2}"
EndProject
Project("{FAE04EC0-301F-11D3-BF4B-00C04F79EFBC}") = "Olympus.Infrastructure.Clients.CampaignService", "src\Olympus.Infrastructure\Olympus.Infrastructure.Clients.CampaignService\Olympus.Infrastructure.Clients.CampaignService.csproj", "{D2CF596D-8821-4A48-8A9A-4A3983180414}"
EndProject
Project("{FAE04EC0-301F-11D3-BF4B-00C04F79EFBC}") = "Olympus.Infrastructure.CommonServices", "src\Olympus.Infrastructure\Olympus.Infrastructure.CommonServices\Olympus.Infrastructure.CommonServices.csproj", "{F48F6E0E-4A73-428B-B428-B56B83811A11}"
EndProject
Project("{FAE04EC0-301F-11D3-BF4B-00C04F79EFBC}") = "Olympus.Api", "src\Olympus.Api\Olympus.Api.csproj", "{D1BCD17F-B5DC-4549-B434-FAF3877CDD45}"
EndProject
Project("{2150E333-8FDC-42A3-9474-1A3956D46DE8}") = "clients", "clients", "{9123F88B-E531-3118-42D7-ED8CEF4BD00E}"
EndProject
Project("{FAE04EC0-301F-11D3-BF4B-00C04F79EFBC}") = "Olympus.Bot.Discord", "src\Olympus.Bot.Discord\Olympus.Bot.Discord.csproj", "{398AEC6F-5C90-4594-9A3D-5C079F30E21B}"
EndProject
Project("{FAE04EC0-301F-11D3-BF4B-00C04F79EFBC}") = "Olympus.Bot.Twitch", "src\Olympus.Bot.Twitch\Olympus.Bot.Twitch.csproj", "{5F43F646-20BD-498D-946C-0314C7D3014B}"
EndProject
Project("{2150E333-8FDC-42A3-9474-1A3956D46DE8}") = "tests", "tests", "{0AB3BF05-4346-4AA6-1389-037BE0695223}"
EndProject
Project("{FAE04EC0-301F-11D3-BF4B-00C04F79EFBC}") = "Olympus.Tests.Domain", "tests\Olympus.Tests.Domain\Olympus.Tests.Domain.csproj", "{F233F87A-9329-4980-8A6B-838679F1A030}"
EndProject
Project("{FAE04EC0-301F-11D3-BF4B-00C04F79EFBC}") = "Olympus.Tests.Application", "tests\Olympus.Tests.Application\Olympus.Tests.Application.csproj", "{5543A46E-D909-46B9-B297-09923D9BA915}"
EndProject
Project("{FAE04EC0-301F-11D3-BF4B-00C04F79EFBC}") = "Olympus.Tests.Infrastructure", "tests\Olympus.Tests.Infrastructure\Olympus.Tests.Infrastructure.csproj", "{3CB18760-770B-458A-98CA-8FF43CA5A011}"
EndProject
Project("{2150E333-8FDC-42A3-9474-1A3956D46DE8}") = "Olympus.Tests.Clients", "Olympus.Tests.Clients", "{F288A37B-80C2-516A-89AC-32C665FEB6D6}"
EndProject
Project("{FAE04EC0-301F-11D3-BF4B-00C04F79EFBC}") = "Olympus.Tests.Bot.Discord", "tests\Olympus.Tests.Clients\Olympus.Tests.Bot.Discord\Olympus.Tests.Bot.Discord.csproj", "{09C7057D-AC72-4396-B37D-0F9FEC68D749}"
EndProject
Project("{FAE04EC0-301F-11D3-BF4B-00C04F79EFBC}") = "Olympus.Tests.Integration", "tests\Olympus.Tests.Integration\Olympus.Tests.Integration.csproj", "{AE3FAE6A-F286-4C9B-9EE9-76FF387FE877}"
EndProject
Project("{FAE04EC0-301F-11D3-BF4B-00C04F79EFBC}") = "Olympus.Tests.Architecture", "tests\Olympus.Tests.Architecture\Olympus.Tests.Architecture.csproj", "{4BA9B50A-8759-4D72-8F38-520799D8EAFA}"
EndProject
Global
	GlobalSection(SolutionConfigurationPlatforms) = preSolution
		Debug|Any CPU = Debug|Any CPU
		Debug|x64 = Debug|x64
		Debug|x86 = Debug|x86
		Release|Any CPU = Release|Any CPU
		Release|x64 = Release|x64
		Release|x86 = Release|x86
	EndGlobalSection
	GlobalSection(ProjectConfigurationPlatforms) = postSolution
		{B2A7E913-2A00-460F-9B8D-6ADC14B7E047}.Debug|Any CPU.ActiveCfg = Debug|Any CPU
		{B2A7E913-2A00-460F-9B8D-6ADC14B7E047}.Debug|Any CPU.Build.0 = Debug|Any CPU
		{B2A7E913-2A00-460F-9B8D-6ADC14B7E047}.Debug|x64.ActiveCfg = Debug|Any CPU
		{B2A7E913-2A00-460F-9B8D-6ADC14B7E047}.Debug|x64.Build.0 = Debug|Any CPU
		{B2A7E913-2A00-460F-9B8D-6ADC14B7E047}.Debug|x86.ActiveCfg = Debug|Any CPU
		{B2A7E913-2A00-460F-9B8D-6ADC14B7E047}.Debug|x86.Build.0 = Debug|Any CPU
		{B2A7E913-2A00-460F-9B8D-6ADC14B7E047}.Release|Any CPU.ActiveCfg = Release|Any CPU
		{B2A7E913-2A00-460F-9B8D-6ADC14B7E047}.Release|Any CPU.Build.0 = Release|Any CPU
		{B2A7E913-2A00-460F-9B8D-6ADC14B7E047}.Release|x64.ActiveCfg = Release|Any CPU
		{B2A7E913-2A00-460F-9B8D-6ADC14B7E047}.Release|x64.Build.0 = Release|Any CPU
		{B2A7E913-2A00-460F-9B8D-6ADC14B7E047}.Release|x86.ActiveCfg = Release|Any CPU
		{B2A7E913-2A00-460F-9B8D-6ADC14B7E047}.Release|x86.Build.0 = Release|Any CPU
		{CE7F4DB3-2074-4F57-A6F5-2CBAD0AF15F4}.Debug|Any CPU.ActiveCfg = Debug|Any CPU
		{CE7F4DB3-2074-4F57-A6F5-2CBAD0AF15F4}.Debug|Any CPU.Build.0 = Debug|Any CPU
		{CE7F4DB3-2074-4F57-A6F5-2CBAD0AF15F4}.Debug|x64.ActiveCfg = Debug|Any CPU
		{CE7F4DB3-2074-4F57-A6F5-2CBAD0AF15F4}.Debug|x64.Build.0 = Debug|Any CPU
		{CE7F4DB3-2074-4F57-A6F5-2CBAD0AF15F4}.Debug|x86.ActiveCfg = Debug|Any CPU
		{CE7F4DB3-2074-4F57-A6F5-2CBAD0AF15F4}.Debug|x86.Build.0 = Debug|Any CPU
		{CE7F4DB3-2074-4F57-A6F5-2CBAD0AF15F4}.Release|Any CPU.ActiveCfg = Release|Any CPU
		{CE7F4DB3-2074-4F57-A6F5-2CBAD0AF15F4}.Release|Any CPU.Build.0 = Release|Any CPU
		{CE7F4DB3-2074-4F57-A6F5-2CBAD0AF15F4}.Release|x64.ActiveCfg = Release|Any CPU
		{CE7F4DB3-2074-4F57-A6F5-2CBAD0AF15F4}.Release|x64.Build.0 = Release|Any CPU
		{CE7F4DB3-2074-4F57-A6F5-2CBAD0AF15F4}.Release|x86.ActiveCfg = Release|Any CPU
		{CE7F4DB3-2074-4F57-A6F5-2CBAD0AF15F4}.Release|x86.Build.0 = Release|Any CPU
		{00E58243-1D63-46AB-83DF-EB78931521C9}.Debug|Any CPU.ActiveCfg = Debug|Any CPU
		{00E58243-1D63-46AB-83DF-EB78931521C9}.Debug|Any CPU.Build.0 = Debug|Any CPU
		{00E58243-1D63-46AB-83DF-EB78931521C9}.Debug|x64.ActiveCfg = Debug|Any CPU
		{00E58243-1D63-46AB-83DF-EB78931521C9}.Debug|x64.Build.0 = Debug|Any CPU
		{00E58243-1D63-46AB-83DF-EB78931521C9}.Debug|x86.ActiveCfg = Debug|Any CPU
		{00E58243-1D63-46AB-83DF-EB78931521C9}.Debug|x86.Build.0 = Debug|Any CPU
		{00E58243-1D63-46AB-83DF-EB78931521C9}.Release|Any CPU.ActiveCfg = Release|Any CPU
		{00E58243-1D63-46AB-83DF-EB78931521C9}.Release|Any CPU.Build.0 = Release|Any CPU
		{00E58243-1D63-46AB-83DF-EB78931521C9}.Release|x64.ActiveCfg = Release|Any CPU
		{00E58243-1D63-46AB-83DF-EB78931521C9}.Release|x64.Build.0 = Release|Any CPU
		{00E58243-1D63-46AB-83DF-EB78931521C9}.Release|x86.ActiveCfg = Release|Any CPU
		{00E58243-1D63-46AB-83DF-EB78931521C9}.Release|x86.Build.0 = Release|Any CPU
		{5D5E5860-AB46-4CD8-AF15-6206CFB5BBEC}.Debug|Any CPU.ActiveCfg = Debug|Any CPU
		{5D5E5860-AB46-4CD8-AF15-6206CFB5BBEC}.Debug|Any CPU.Build.0 = Debug|Any CPU
		{5D5E5860-AB46-4CD8-AF15-6206CFB5BBEC}.Debug|x64.ActiveCfg = Debug|Any CPU
		{5D5E5860-AB46-4CD8-AF15-6206CFB5BBEC}.Debug|x64.Build.0 = Debug|Any CPU
		{5D5E5860-AB46-4CD8-AF15-6206CFB5BBEC}.Debug|x86.ActiveCfg = Debug|Any CPU
		{5D5E5860-AB46-4CD8-AF15-6206CFB5BBEC}.Debug|x86.Build.0 = Debug|Any CPU
		{5D5E5860-AB46-4CD8-AF15-6206CFB5BBEC}.Release|Any CPU.ActiveCfg = Release|Any CPU
		{5D5E5860-AB46-4CD8-AF15-6206CFB5BBEC}.Release|Any CPU.Build.0 = Release|Any CPU
		{5D5E5860-AB46-4CD8-AF15-6206CFB5BBEC}.Release|x64.ActiveCfg = Release|Any CPU
		{5D5E5860-AB46-4CD8-AF15-6206CFB5BBEC}.Release|x64.Build.0 = Release|Any CPU
		{5D5E5860-AB46-4CD8-AF15-6206CFB5BBEC}.Release|x86.ActiveCfg = Release|Any CPU
		{5D5E5860-AB46-4CD8-AF15-6206CFB5BBEC}.Release|x86.Build.0 = Release|Any CPU
		{BD39BE86-7513-42FE-96EB-745BE3C439FD}.Debug|Any CPU.ActiveCfg = Debug|Any CPU
		{BD39BE86-7513-42FE-96EB-745BE3C439FD}.Debug|Any CPU.Build.0 = Debug|Any CPU
		{BD39BE86-7513-42FE-96EB-745BE3C439FD}.Debug|x64.ActiveCfg = Debug|Any CPU
		{BD39BE86-7513-42FE-96EB-745BE3C439FD}.Debug|x64.Build.0 = Debug|Any CPU
		{BD39BE86-7513-42FE-96EB-745BE3C439FD}.Debug|x86.ActiveCfg = Debug|Any CPU
		{BD39BE86-7513-42FE-96EB-745BE3C439FD}.Debug|x86.Build.0 = Debug|Any CPU
		{BD39BE86-7513-42FE-96EB-745BE3C439FD}.Release|Any CPU.ActiveCfg = Release|Any CPU
		{BD39BE86-7513-42FE-96EB-745BE3C439FD}.Release|Any CPU.Build.0 = Release|Any CPU
		{BD39BE86-7513-42FE-96EB-745BE3C439FD}.Release|x64.ActiveCfg = Release|Any CPU
		{BD39BE86-7513-42FE-96EB-745BE3C439FD}.Release|x64.Build.0 = Release|Any CPU
		{BD39BE86-7513-42FE-96EB-745BE3C439FD}.Release|x86.ActiveCfg = Release|Any CPU
		{BD39BE86-7513-42FE-96EB-745BE3C439FD}.Release|x86.Build.0 = Release|Any CPU
		{4833F0AE-C3B5-429D-B161-7EE34EB9EED8}.Debug|Any CPU.ActiveCfg = Debug|Any CPU
		{4833F0AE-C3B5-429D-B161-7EE34EB9EED8}.Debug|Any CPU.Build.0 = Debug|Any CPU
		{4833F0AE-C3B5-429D-B161-7EE34EB9EED8}.Debug|x64.ActiveCfg = Debug|Any CPU
		{4833F0AE-C3B5-429D-B161-7EE34EB9EED8}.Debug|x64.Build.0 = Debug|Any CPU
		{4833F0AE-C3B5-429D-B161-7EE34EB9EED8}.Debug|x86.ActiveCfg = Debug|Any CPU
		{4833F0AE-C3B5-429D-B161-7EE34EB9EED8}.Debug|x86.Build.0 = Debug|Any CPU
		{4833F0AE-C3B5-429D-B161-7EE34EB9EED8}.Release|Any CPU.ActiveCfg = Release|Any CPU
		{4833F0AE-C3B5-429D-B161-7EE34EB9EED8}.Release|Any CPU.Build.0 = Release|Any CPU
		{4833F0AE-C3B5-429D-B161-7EE34EB9EED8}.Release|x64.ActiveCfg = Release|Any CPU
		{4833F0AE-C3B5-429D-B161-7EE34EB9EED8}.Release|x64.Build.0 = Release|Any CPU
		{4833F0AE-C3B5-429D-B161-7EE34EB9EED8}.Release|x86.ActiveCfg = Release|Any CPU
		{4833F0AE-C3B5-429D-B161-7EE34EB9EED8}.Release|x86.Build.0 = Release|Any CPU
		{8A9F2591-B5B4-4DD7-955F-5D61D18A0F52}.Debug|Any CPU.ActiveCfg = Debug|Any CPU
		{8A9F2591-B5B4-4DD7-955F-5D61D18A0F52}.Debug|Any CPU.Build.0 = Debug|Any CPU
		{8A9F2591-B5B4-4DD7-955F-5D61D18A0F52}.Debug|x64.ActiveCfg = Debug|Any CPU
		{8A9F2591-B5B4-4DD7-955F-5D61D18A0F52}.Debug|x64.Build.0 = Debug|Any CPU
		{8A9F2591-B5B4-4DD7-955F-5D61D18A0F52}.Debug|x86.ActiveCfg = Debug|Any CPU
		{8A9F2591-B5B4-4DD7-955F-5D61D18A0F52}.Debug|x86.Build.0 = Debug|Any CPU
		{8A9F2591-B5B4-4DD7-955F-5D61D18A0F52}.Release|Any CPU.ActiveCfg = Release|Any CPU
		{8A9F2591-B5B4-4DD7-955F-5D61D18A0F52}.Release|Any CPU.Build.0 = Release|Any CPU
		{8A9F2591-B5B4-4DD7-955F-5D61D18A0F52}.Release|x64.ActiveCfg = Release|Any CPU
		{8A9F2591-B5B4-4DD7-955F-5D61D18A0F52}.Release|x64.Build.0 = Release|Any CPU
		{8A9F2591-B5B4-4DD7-955F-5D61D18A0F52}.Release|x86.ActiveCfg = Release|Any CPU
		{8A9F2591-B5B4-4DD7-955F-5D61D18A0F52}.Release|x86.Build.0 = Release|Any CPU
		{F69DF8B5-83F2-4D80-A1E2-5A280CAB01E2}.Debug|Any CPU.ActiveCfg = Debug|Any CPU
		{F69DF8B5-83F2-4D80-A1E2-5A280CAB01E2}.Debug|Any CPU.Build.0 = Debug|Any CPU
		{F69DF8B5-83F2-4D80-A1E2-5A280CAB01E2}.Debug|x64.ActiveCfg = Debug|Any CPU
		{F69DF8B5-83F2-4D80-A1E2-5A280CAB01E2}.Debug|x64.Build.0 = Debug|Any CPU
		{F69DF8B5-83F2-4D80-A1E2-5A280CAB01E2}.Debug|x86.ActiveCfg = Debug|Any CPU
		{F69DF8B5-83F2-4D80-A1E2-5A280CAB01E2}.Debug|x86.Build.0 = Debug|Any CPU
		{F69DF8B5-83F2-4D80-A1E2-5A280CAB01E2}.Release|Any CPU.ActiveCfg = Release|Any CPU
		{F69DF8B5-83F2-4D80-A1E2-5A280CAB01E2}.Release|Any CPU.Build.0 = Release|Any CPU
		{F69DF8B5-83F2-4D80-A1E2-5A280CAB01E2}.Release|x64.ActiveCfg = Release|Any CPU
		{F69DF8B5-83F2-4D80-A1E2-5A280CAB01E2}.Release|x64.Build.0 = Release|Any CPU
		{F69DF8B5-83F2-4D80-A1E2-5A280CAB01E2}.Release|x86.ActiveCfg = Release|Any CPU
		{F69DF8B5-83F2-4D80-A1E2-5A280CAB01E2}.Release|x86.Build.0 = Release|Any CPU
		{D2CF596D-8821-4A48-8A9A-4A3983180414}.Debug|Any CPU.ActiveCfg = Debug|Any CPU
		{D2CF596D-8821-4A48-8A9A-4A3983180414}.Debug|Any CPU.Build.0 = Debug|Any CPU
		{D2CF596D-8821-4A48-8A9A-4A3983180414}.Debug|x64.ActiveCfg = Debug|Any CPU
		{D2CF596D-8821-4A48-8A9A-4A3983180414}.Debug|x64.Build.0 = Debug|Any CPU
		{D2CF596D-8821-4A48-8A9A-4A3983180414}.Debug|x86.ActiveCfg = Debug|Any CPU
		{D2CF596D-8821-4A48-8A9A-4A3983180414}.Debug|x86.Build.0 = Debug|Any CPU
		{D2CF596D-8821-4A48-8A9A-4A3983180414}.Release|Any CPU.ActiveCfg = Release|Any CPU
		{D2CF596D-8821-4A48-8A9A-4A3983180414}.Release|Any CPU.Build.0 = Release|Any CPU
		{D2CF596D-8821-4A48-8A9A-4A3983180414}.Release|x64.ActiveCfg = Release|Any CPU
		{D2CF596D-8821-4A48-8A9A-4A3983180414}.Release|x64.Build.0 = Release|Any CPU
		{D2CF596D-8821-4A48-8A9A-4A3983180414}.Release|x86.ActiveCfg = Release|Any CPU
		{D2CF596D-8821-4A48-8A9A-4A3983180414}.Release|x86.Build.0 = Release|Any CPU
		{F48F6E0E-4A73-428B-B428-B56B83811A11}.Debug|Any CPU.ActiveCfg = Debug|Any CPU
		{F48F6E0E-4A73-428B-B428-B56B83811A11}.Debug|Any CPU.Build.0 = Debug|Any CPU
		{F48F6E0E-4A73-428B-B428-B56B83811A11}.Debug|x64.ActiveCfg = Debug|Any CPU
		{F48F6E0E-4A73-428B-B428-B56B83811A11}.Debug|x64.Build.0 = Debug|Any CPU
		{F48F6E0E-4A73-428B-B428-B56B83811A11}.Debug|x86.ActiveCfg = Debug|Any CPU
		{F48F6E0E-4A73-428B-B428-B56B83811A11}.Debug|x86.Build.0 = Debug|Any CPU
		{F48F6E0E-4A73-428B-B428-B56B83811A11}.Release|Any CPU.ActiveCfg = Release|Any CPU
		{F48F6E0E-4A73-428B-B428-B56B83811A11}.Release|Any CPU.Build.0 = Release|Any CPU
		{F48F6E0E-4A73-428B-B428-B56B83811A11}.Release|x64.ActiveCfg = Release|Any CPU
		{F48F6E0E-4A73-428B-B428-B56B83811A11}.Release|x64.Build.0 = Release|Any CPU
		{F48F6E0E-4A73-428B-B428-B56B83811A11}.Release|x86.ActiveCfg = Release|Any CPU
		{F48F6E0E-4A73-428B-B428-B56B83811A11}.Release|x86.Build.0 = Release|Any CPU
		{D1BCD17F-B5DC-4549-B434-FAF3877CDD45}.Debug|Any CPU.ActiveCfg = Debug|Any CPU
		{D1BCD17F-B5DC-4549-B434-FAF3877CDD45}.Debug|Any CPU.Build.0 = Debug|Any CPU
		{D1BCD17F-B5DC-4549-B434-FAF3877CDD45}.Debug|x64.ActiveCfg = Debug|Any CPU
		{D1BCD17F-B5DC-4549-B434-FAF3877CDD45}.Debug|x64.Build.0 = Debug|Any CPU
		{D1BCD17F-B5DC-4549-B434-FAF3877CDD45}.Debug|x86.ActiveCfg = Debug|Any CPU
		{D1BCD17F-B5DC-4549-B434-FAF3877CDD45}.Debug|x86.Build.0 = Debug|Any CPU
		{D1BCD17F-B5DC-4549-B434-FAF3877CDD45}.Release|Any CPU.ActiveCfg = Release|Any CPU
		{D1BCD17F-B5DC-4549-B434-FAF3877CDD45}.Release|Any CPU.Build.0 = Release|Any CPU
		{D1BCD17F-B5DC-4549-B434-FAF3877CDD45}.Release|x64.ActiveCfg = Release|Any CPU
		{D1BCD17F-B5DC-4549-B434-FAF3877CDD45}.Release|x64.Build.0 = Release|Any CPU
		{D1BCD17F-B5DC-4549-B434-FAF3877CDD45}.Release|x86.ActiveCfg = Release|Any CPU
		{D1BCD17F-B5DC-4549-B434-FAF3877CDD45}.Release|x86.Build.0 = Release|Any CPU
		{398AEC6F-5C90-4594-9A3D-5C079F30E21B}.Debug|Any CPU.ActiveCfg = Debug|Any CPU
		{398AEC6F-5C90-4594-9A3D-5C079F30E21B}.Debug|Any CPU.Build.0 = Debug|Any CPU
		{398AEC6F-5C90-4594-9A3D-5C079F30E21B}.Debug|x64.ActiveCfg = Debug|Any CPU
		{398AEC6F-5C90-4594-9A3D-5C079F30E21B}.Debug|x64.Build.0 = Debug|Any CPU
		{398AEC6F-5C90-4594-9A3D-5C079F30E21B}.Debug|x86.ActiveCfg = Debug|Any CPU
		{398AEC6F-5C90-4594-9A3D-5C079F30E21B}.Debug|x86.Build.0 = Debug|Any CPU
		{398AEC6F-5C90-4594-9A3D-5C079F30E21B}.Release|Any CPU.ActiveCfg = Release|Any CPU
		{398AEC6F-5C90-4594-9A3D-5C079F30E21B}.Release|Any CPU.Build.0 = Release|Any CPU
		{398AEC6F-5C90-4594-9A3D-5C079F30E21B}.Release|x64.ActiveCfg = Release|Any CPU
		{398AEC6F-5C90-4594-9A3D-5C079F30E21B}.Release|x64.Build.0 = Release|Any CPU
		{398AEC6F-5C90-4594-9A3D-5C079F30E21B}.Release|x86.ActiveCfg = Release|Any CPU
		{398AEC6F-5C90-4594-9A3D-5C079F30E21B}.Release|x86.Build.0 = Release|Any CPU
		{5F43F646-20BD-498D-946C-0314C7D3014B}.Debug|Any CPU.ActiveCfg = Debug|Any CPU
		{5F43F646-20BD-498D-946C-0314C7D3014B}.Debug|Any CPU.Build.0 = Debug|Any CPU
		{5F43F646-20BD-498D-946C-0314C7D3014B}.Debug|x64.ActiveCfg = Debug|Any CPU
		{5F43F646-20BD-498D-946C-0314C7D3014B}.Debug|x64.Build.0 = Debug|Any CPU
		{5F43F646-20BD-498D-946C-0314C7D3014B}.Debug|x86.ActiveCfg = Debug|Any CPU
		{5F43F646-20BD-498D-946C-0314C7D3014B}.Debug|x86.Build.0 = Debug|Any CPU
		{5F43F646-20BD-498D-946C-0314C7D3014B}.Release|Any CPU.ActiveCfg = Release|Any CPU
		{5F43F646-20BD-498D-946C-0314C7D3014B}.Release|Any CPU.Build.0 = Release|Any CPU
		{5F43F646-20BD-498D-946C-0314C7D3014B}.Release|x64.ActiveCfg = Release|Any CPU
		{5F43F646-20BD-498D-946C-0314C7D3014B}.Release|x64.Build.0 = Release|Any CPU
		{5F43F646-20BD-498D-946C-0314C7D3014B}.Release|x86.ActiveCfg = Release|Any CPU
		{5F43F646-20BD-498D-946C-0314C7D3014B}.Release|x86.Build.0 = Release|Any CPU
		{F233F87A-9329-4980-8A6B-838679F1A030}.Debug|Any CPU.ActiveCfg = Debug|Any CPU
		{F233F87A-9329-4980-8A6B-838679F1A030}.Debug|Any CPU.Build.0 = Debug|Any CPU
		{F233F87A-9329-4980-8A6B-838679F1A030}.Debug|x64.ActiveCfg = Debug|Any CPU
		{F233F87A-9329-4980-8A6B-838679F1A030}.Debug|x64.Build.0 = Debug|Any CPU
		{F233F87A-9329-4980-8A6B-838679F1A030}.Debug|x86.ActiveCfg = Debug|Any CPU
		{F233F87A-9329-4980-8A6B-838679F1A030}.Debug|x86.Build.0 = Debug|Any CPU
		{F233F87A-9329-4980-8A6B-838679F1A030}.Release|Any CPU.ActiveCfg = Release|Any CPU
		{F233F87A-9329-4980-8A6B-838679F1A030}.Release|Any CPU.Build.0 = Release|Any CPU
		{F233F87A-9329-4980-8A6B-838679F1A030}.Release|x64.ActiveCfg = Release|Any CPU
		{F233F87A-9329-4980-8A6B-838679F1A030}.Release|x64.Build.0 = Release|Any CPU
		{F233F87A-9329-4980-8A6B-838679F1A030}.Release|x86.ActiveCfg = Release|Any CPU
		{F233F87A-9329-4980-8A6B-838679F1A030}.Release|x86.Build.0 = Release|Any CPU
		{5543A46E-D909-46B9-B297-09923D9BA915}.Debug|Any CPU.ActiveCfg = Debug|Any CPU
		{5543A46E-D909-46B9-B297-09923D9BA915}.Debug|Any CPU.Build.0 = Debug|Any CPU
		{5543A46E-D909-46B9-B297-09923D9BA915}.Debug|x64.ActiveCfg = Debug|Any CPU
		{5543A46E-D909-46B9-B297-09923D9BA915}.Debug|x64.Build.0 = Debug|Any CPU
		{5543A46E-D909-46B9-B297-09923D9BA915}.Debug|x86.ActiveCfg = Debug|Any CPU
		{5543A46E-D909-46B9-B297-09923D9BA915}.Debug|x86.Build.0 = Debug|Any CPU
		{5543A46E-D909-46B9-B297-09923D9BA915}.Release|Any CPU.ActiveCfg = Release|Any CPU
		{5543A46E-D909-46B9-B297-09923D9BA915}.Release|Any CPU.Build.0 = Release|Any CPU
		{5543A46E-D909-46B9-B297-09923D9BA915}.Release|x64.ActiveCfg = Release|Any CPU
		{5543A46E-D909-46B9-B297-09923D9BA915}.Release|x64.Build.0 = Release|Any CPU
		{5543A46E-D909-46B9-B297-09923D9BA915}.Release|x86.ActiveCfg = Release|Any CPU
		{5543A46E-D909-46B9-B297-09923D9BA915}.Release|x86.Build.0 = Release|Any CPU
		{3CB18760-770B-458A-98CA-8FF43CA5A011}.Debug|Any CPU.ActiveCfg = Debug|Any CPU
		{3CB18760-770B-458A-98CA-8FF43CA5A011}.Debug|Any CPU.Build.0 = Debug|Any CPU
		{3CB18760-770B-458A-98CA-8FF43CA5A011}.Debug|x64.ActiveCfg = Debug|Any CPU
		{3CB18760-770B-458A-98CA-8FF43CA5A011}.Debug|x64.Build.0 = Debug|Any CPU
		{3CB18760-770B-458A-98CA-8FF43CA5A011}.Debug|x86.ActiveCfg = Debug|Any CPU
		{3CB18760-770B-458A-98CA-8FF43CA5A011}.Debug|x86.Build.0 = Debug|Any CPU
		{3CB18760-770B-458A-98CA-8FF43CA5A011}.Release|Any CPU.ActiveCfg = Release|Any CPU
		{3CB18760-770B-458A-98CA-8FF43CA5A011}.Release|Any CPU.Build.0 = Release|Any CPU
		{3CB18760-770B-458A-98CA-8FF43CA5A011}.Release|x64.ActiveCfg = Release|Any CPU
		{3CB18760-770B-458A-98CA-8FF43CA5A011}.Release|x64.Build.0 = Release|Any CPU
		{3CB18760-770B-458A-98CA-8FF43CA5A011}.Release|x86.ActiveCfg = Release|Any CPU
		{3CB18760-770B-458A-98CA-8FF43CA5A011}.Release|x86.Build.0 = Release|Any CPU
		{09C7057D-AC72-4396-B37D-0F9FEC68D749}.Debug|Any CPU.ActiveCfg = Debug|Any CPU
		{09C7057D-AC72-4396-B37D-0F9FEC68D749}.Debug|Any CPU.Build.0 = Debug|Any CPU
		{09C7057D-AC72-4396-B37D-0F9FEC68D749}.Debug|x64.ActiveCfg = Debug|Any CPU
		{09C7057D-AC72-4396-B37D-0F9FEC68D749}.Debug|x64.Build.0 = Debug|Any CPU
		{09C7057D-AC72-4396-B37D-0F9FEC68D749}.Debug|x86.ActiveCfg = Debug|Any CPU
		{09C7057D-AC72-4396-B37D-0F9FEC68D749}.Debug|x86.Build.0 = Debug|Any CPU
		{09C7057D-AC72-4396-B37D-0F9FEC68D749}.Release|Any CPU.ActiveCfg = Release|Any CPU
		{09C7057D-AC72-4396-B37D-0F9FEC68D749}.Release|Any CPU.Build.0 = Release|Any CPU
		{09C7057D-AC72-4396-B37D-0F9FEC68D749}.Release|x64.ActiveCfg = Release|Any CPU
		{09C7057D-AC72-4396-B37D-0F9FEC68D749}.Release|x64.Build.0 = Release|Any CPU
		{09C7057D-AC72-4396-B37D-0F9FEC68D749}.Release|x86.ActiveCfg = Release|Any CPU
		{09C7057D-AC72-4396-B37D-0F9FEC68D749}.Release|x86.Build.0 = Release|Any CPU
		{AE3FAE6A-F286-4C9B-9EE9-76FF387FE877}.Debug|Any CPU.ActiveCfg = Debug|Any CPU
		{AE3FAE6A-F286-4C9B-9EE9-76FF387FE877}.Debug|Any CPU.Build.0 = Debug|Any CPU
		{AE3FAE6A-F286-4C9B-9EE9-76FF387FE877}.Debug|x64.ActiveCfg = Debug|Any CPU
		{AE3FAE6A-F286-4C9B-9EE9-76FF387FE877}.Debug|x64.Build.0 = Debug|Any CPU
		{AE3FAE6A-F286-4C9B-9EE9-76FF387FE877}.Debug|x86.ActiveCfg = Debug|Any CPU
		{AE3FAE6A-F286-4C9B-9EE9-76FF387FE877}.Debug|x86.Build.0 = Debug|Any CPU
		{AE3FAE6A-F286-4C9B-9EE9-76FF387FE877}.Release|Any CPU.ActiveCfg = Release|Any CPU
		{AE3FAE6A-F286-4C9B-9EE9-76FF387FE877}.Release|Any CPU.Build.0 = Release|Any CPU
		{AE3FAE6A-F286-4C9B-9EE9-76FF387FE877}.Release|x64.ActiveCfg = Release|Any CPU
		{AE3FAE6A-F286-4C9B-9EE9-76FF387FE877}.Release|x64.Build.0 = Release|Any CPU
		{AE3FAE6A-F286-4C9B-9EE9-76FF387FE877}.Release|x86.ActiveCfg = Release|Any CPU
		{AE3FAE6A-F286-4C9B-9EE9-76FF387FE877}.Release|x86.Build.0 = Release|Any CPU
		{4BA9B50A-8759-4D72-8F38-520799D8EAFA}.Debug|Any CPU.ActiveCfg = Debug|Any CPU
		{4BA9B50A-8759-4D72-8F38-520799D8EAFA}.Debug|Any CPU.Build.0 = Debug|Any CPU
		{4BA9B50A-8759-4D72-8F38-520799D8EAFA}.Debug|x64.ActiveCfg = Debug|Any CPU
		{4BA9B50A-8759-4D72-8F38-520799D8EAFA}.Debug|x64.Build.0 = Debug|Any CPU
		{4BA9B50A-8759-4D72-8F38-520799D8EAFA}.Debug|x86.ActiveCfg = Debug|Any CPU
		{4BA9B50A-8759-4D72-8F38-520799D8EAFA}.Debug|x86.Build.0 = Debug|Any CPU
		{4BA9B50A-8759-4D72-8F38-520799D8EAFA}.Release|Any CPU.ActiveCfg = Release|Any CPU
		{4BA9B50A-8759-4D72-8F38-520799D8EAFA}.Release|Any CPU.Build.0 = Release|Any CPU
		{4BA9B50A-8759-4D72-8F38-520799D8EAFA}.Release|x64.ActiveCfg = Release|Any CPU
		{4BA9B50A-8759-4D72-8F38-520799D8EAFA}.Release|x64.Build.0 = Release|Any CPU
		{4BA9B50A-8759-4D72-8F38-520799D8EAFA}.Release|x86.ActiveCfg = Release|Any CPU
		{4BA9B50A-8759-4D72-8F38-520799D8EAFA}.Release|x86.Build.0 = Release|Any CPU
	EndGlobalSection
	GlobalSection(SolutionProperties) = preSolution
		HideSolutionNode = FALSE
	EndGlobalSection
	GlobalSection(NestedProjects) = preSolution
		{B2A7E913-2A00-460F-9B8D-6ADC14B7E047} = {827E0CD3-B72D-47B6-A68D-7590B98EB39B}
		{CE7F4DB3-2074-4F57-A6F5-2CBAD0AF15F4} = {827E0CD3-B72D-47B6-A68D-7590B98EB39B}
		{D0CF8C8D-BDA3-0016-009E-2AEA5C46499A} = {827E0CD3-B72D-47B6-A68D-7590B98EB39B}
		{00E58243-1D63-46AB-83DF-EB78931521C9} = {D0CF8C8D-BDA3-0016-009E-2AEA5C46499A}
		{5D5E5860-AB46-4CD8-AF15-6206CFB5BBEC} = {D0CF8C8D-BDA3-0016-009E-2AEA5C46499A}
		{BD39BE86-7513-42FE-96EB-745BE3C439FD} = {D0CF8C8D-BDA3-0016-009E-2AEA5C46499A}
		{4833F0AE-C3B5-429D-B161-7EE34EB9EED8} = {D0CF8C8D-BDA3-0016-009E-2AEA5C46499A}
		{8A9F2591-B5B4-4DD7-955F-5D61D18A0F52} = {D0CF8C8D-BDA3-0016-009E-2AEA5C46499A}
		{F69DF8B5-83F2-4D80-A1E2-5A280CAB01E2} = {D0CF8C8D-BDA3-0016-009E-2AEA5C46499A}
		{D2CF596D-8821-4A48-8A9A-4A3983180414} = {D0CF8C8D-BDA3-0016-009E-2AEA5C46499A}
		{F48F6E0E-4A73-428B-B428-B56B83811A11} = {D0CF8C8D-BDA3-0016-009E-2AEA5C46499A}
		{D1BCD17F-B5DC-4549-B434-FAF3877CDD45} = {827E0CD3-B72D-47B6-A68D-7590B98EB39B}
		{398AEC6F-5C90-4594-9A3D-5C079F30E21B} = {9123F88B-E531-3118-42D7-ED8CEF4BD00E}
		{5F43F646-20BD-498D-946C-0314C7D3014B} = {9123F88B-E531-3118-42D7-ED8CEF4BD00E}
		{F233F87A-9329-4980-8A6B-838679F1A030} = {0AB3BF05-4346-4AA6-1389-037BE0695223}
		{5543A46E-D909-46B9-B297-09923D9BA915} = {0AB3BF05-4346-4AA6-1389-037BE0695223}
		{3CB18760-770B-458A-98CA-8FF43CA5A011} = {0AB3BF05-4346-4AA6-1389-037BE0695223}
		{F288A37B-80C2-516A-89AC-32C665FEB6D6} = {0AB3BF05-4346-4AA6-1389-037BE0695223}
		{09C7057D-AC72-4396-B37D-0F9FEC68D749} = {F288A37B-80C2-516A-89AC-32C665FEB6D6}
		{AE3FAE6A-F286-4C9B-9EE9-76FF387FE877} = {0AB3BF05-4346-4AA6-1389-037BE0695223}
		{4BA9B50A-8759-4D72-8F38-520799D8EAFA} = {0AB3BF05-4346-4AA6-1389-037BE0695223}
	EndGlobalSection
EndGlobal
